# This file was autogenerated by Stack.
# You should not edit this file by hand.
# For more information, please see the documentation at:
#   https://docs.haskellstack.org/en/stable/topics/lock_files

packages: []
snapshots:
- completed:
    sha256: 02a90de20d42662e0b8b95d81735b0e69bae60cdd819c9e0673e6b523e2aa689
    size: 672917
    url: https://raw.githubusercontent.com/commercialhaskell/stackage-snapshots/master/nightly/2025/8/2.yaml
  original: nightly-2025-08-02
